// !$*UTF8*$!
{
	archiveVersion = 1;
	classes = {
	};
	objectVersion = 55;
	objects = {

/* Begin PBXBuildFile section */
		D0B4351229158F08004071A6 /* dataFetchingApp.swift in Sources */ = {isa = PBXBuildFile; fileRef = D0B4351129158F08004071A6 /* dataFetchingApp.swift */; };
		D0B4351429158F08004071A6 /* ContentView.swift in Sources */ = {isa = PBXBuildFile; fileRef = D0B4351329158F08004071A6 /* ContentView.swift */; };
		D0B4351629158F0B004071A6 /* Assets.xcassets in Resources */ = {isa = PBXBuildFile; fileRef = D0B4351529158F0B004071A6 /* Assets.xcassets */; };
		D0B4351929158F0B004071A6 /* Preview Assets.xcassets in Resources */ = {isa = PBXBuildFile; fileRef = D0B4351829158F0B004071A6 /* Preview Assets.xcassets */; };
		D0B4352329158F0C004071A6 /* dataFetchingTests.swift in Sources */ = {isa = PBXBuildFile; fileRef = D0B4352229158F0C004071A6 /* dataFetchingTests.swift */; };
		D0B4352D29158F0C004071A6 /* dataFetchingUITests.swift in Sources */ = {isa = PBXBuildFile; fileRef = D0B4352C29158F0C004071A6 /* dataFetchingUITests.swift */; };
		D0B4352F29158F0C004071A6 /* dataFetchingUITestsLaunchTests.swift in Sources */ = {isa = PBXBuildFile; fileRef = D0B4352E29158F0C004071A6 /* dataFetchingUITestsLaunchTests.swift */; };
/* End PBXBuildFile section */

/* Begin PBXContainerItemProxy section */
		D0B4351F29158F0C004071A6 /* PBXContainerItemProxy */ = {
			isa = PBXContainerItemProxy;
			containerPortal = D0B4350629158F08004071A6 /* Project object */;
			proxyType = 1;
			remoteGlobalIDString = D0B4350D29158F08004071A6;
			remoteInfo = dataFetching;
		};
		D0B4352929158F0C004071A6 /* PBXContainerItemProxy */ = {
			isa = PBXContainerItemProxy;
			containerPortal = D0B4350629158F08004071A6 /* Project object */;
			proxyType = 1;
			remoteGlobalIDString = D0B4350D29158F08004071A6;
			remoteInfo = dataFetching;
		};
/* End PBXContainerItemProxy section */

/* Begin PBXFileReference section */
		D0B4350E29158F08004071A6 /* dataFetching.app */ = {isa = PBXFileReference; explicitFileType = wrapper.application; includeInIndex = 0; path = dataFetching.app; sourceTree = BUILT_PRODUCTS_DIR; };
		D0B4351129158F08004071A6 /* dataFetchingApp.swift */ = {isa = PBXFileReference; lastKnownFileType = sourcecode.swift; path = dataFetchingApp.swift; sourceTree = "<group>"; };
		D0B4351329158F08004071A6 /* ContentView.swift */ = {isa = PBXFileReference; lastKnownFileType = sourcecode.swift; path = ContentView.swift; sourceTree = "<group>"; };
		D0B4351529158F0B004071A6 /* Assets.xcassets */ = {isa = PBXFileReference; lastKnownFileType = folder.assetcatalog; path = Assets.xcassets; sourceTree = "<group>"; };
		D0B4351829158F0B004071A6 /* Preview Assets.xcassets */ = {isa = PBXFileReference; lastKnownFileType = folder.assetcatalog; path = "Preview Assets.xcassets"; sourceTree = "<group>"; };
		D0B4351E29158F0C004071A6 /* dataFetchingTests.xctest */ = {isa = PBXFileReference; explicitFileType = wrapper.cfbundle; includeInIndex = 0; path = dataFetchingTests.xctest; sourceTree = BUILT_PRODUCTS_DIR; };
		D0B4352229158F0C004071A6 /* dataFetchingTests.swift */ = {isa = PBXFileReference; lastKnownFileType = sourcecode.swift; path = dataFetchingTests.swift; sourceTree = "<group>"; };
		D0B4352829158F0C004071A6 /* dataFetchingUITests.xctest */ = {isa = PBXFileReference; explicitFileType = wrapper.cfbundle; includeInIndex = 0; path = dataFetchingUITests.xctest; sourceTree = BUILT_PRODUCTS_DIR; };
		D0B4352C29158F0C004071A6 /* dataFetchingUITests.swift */ = {isa = PBXFileReference; lastKnownFileType = sourcecode.swift; path = dataFetchingUITests.swift; sourceTree = "<group>"; };
		D0B4352E29158F0C004071A6 /* dataFetchingUITestsLaunchTests.swift */ = {isa = PBXFileReference; lastKnownFileType = sourcecode.swift; path = dataFetchingUITestsLaunchTests.swift; sourceTree = "<group>"; };
/* End PBXFileReference section */

/* Begin PBXFrameworksBuildPhase section */
		D0B4350B29158F08004071A6 /* Frameworks */ = {
			isa = PBXFrameworksBuildPhase;
			buildActionMask = 2147483647;
			files = (
			);
			runOnlyForDeploymentPostprocessing = 0;
		};
		D0B4351B29158F0C004071A6 /* Frameworks */ = {
			isa = PBXFrameworksBuildPhase;
			buildActionMask = 2147483647;
			files = (
			);
			runOnlyForDeploymentPostprocessing = 0;
		};
		D0B4352529158F0C004071A6 /* Frameworks */ = {
			isa = PBXFrameworksBuildPhase;
			buildActionMask = 2147483647;
			files = (
			);
			runOnlyForDeploymentPostprocessing = 0;
		};
/* End PBXFrameworksBuildPhase section */

/* Begin PBXGroup section */
		D0B4350529158F08004071A6 = {
			isa = PBXGroup;
			children = (
				D0B4351029158F08004071A6 /* dataFetching */,
				D0B4352129158F0C004071A6 /* dataFetchingTests */,
				D0B4352B29158F0C004071A6 /* dataFetchingUITests */,
				D0B4350F29158F08004071A6 /* Products */,
			);
			sourceTree = "<group>";
		};
		D0B4350F29158F08004071A6 /* Products */ = {
			isa = PBXGroup;
			children = (
				D0B4350E29158F08004071A6 /* dataFetching.app */,
				D0B4351E29158F0C004071A6 /* dataFetchingTests.xctest */,
				D0B4352829158F0C004071A6 /* dataFetchingUITests.xctest */,
			);
			name = Products;
			sourceTree = "<group>";
		};
		D0B4351029158F08004071A6 /* dataFetching */ = {
			isa = PBXGroup;
			children = (
				D0B4351129158F08004071A6 /* dataFetchingApp.swift */,
				D0B4351329158F08004071A6 /* ContentView.swift */,
				D0B4351529158F0B004071A6 /* Assets.xcassets */,
				D0B4351729158F0B004071A6 /* Preview Content */,
			);
			path = dataFetching;
			sourceTree = "<group>";
		};
		D0B4351729158F0B004071A6 /* Preview Content */ = {
			isa = PBXGroup;
			children = (
				D0B4351829158F0B004071A6 /* Preview Assets.xcassets */,
			);
			path = "Preview Content";
			sourceTree = "<group>";
		};
		D0B4352129158F0C004071A6 /* dataFetchingTests */ = {
			isa = PBXGroup;
			children = (
				D0B4352229158F0C004071A6 /* dataFetchingTests.swift */,
			);
			path = dataFetchingTests;
			sourceTree = "<group>";
		};
		D0B4352B29158F0C004071A6 /* dataFetchingUITests */ = {
			isa = PBXGroup;
			children = (
				D0B4352C29158F0C004071A6 /* dataFetchingUITests.swift */,
				D0B4352E29158F0C004071A6 /* dataFetchingUITestsLaunchTests.swift */,
			);
			path = dataFetchingUITests;
			sourceTree = "<group>";
		};
/* End PBXGroup section */

/* Begin PBXNativeTarget section */
		D0B4350D29158F08004071A6 /* dataFetching */ = {
			isa = PBXNativeTarget;
			buildConfigurationList = D0B4353229158F0C004071A6 /* Build configuration list for PBXNativeTarget "dataFetching" */;
			buildPhases = (
				D0B4350A29158F08004071A6 /* Sources */,
				D0B4350B29158F08004071A6 /* Frameworks */,
				D0B4350C29158F08004071A6 /* Resources */,
			);
			buildRules = (
			);
			dependencies = (
			);
			name = dataFetching;
			productName = dataFetching;
			productReference = D0B4350E29158F08004071A6 /* dataFetching.app */;
			productType = "com.apple.product-type.application";
		};
		D0B4351D29158F0C004071A6 /* dataFetchingTests */ = {
			isa = PBXNativeTarget;
			buildConfigurationList = D0B4353529158F0C004071A6 /* Build configuration list for PBXNativeTarget "dataFetchingTests" */;
			buildPhases = (
				D0B4351A29158F0C004071A6 /* Sources */,
				D0B4351B29158F0C004071A6 /* Frameworks */,
				D0B4351C29158F0C004071A6 /* Resources */,
			);
			buildRules = (
			);
			dependencies = (
				D0B4352029158F0C004071A6 /* PBXTargetDependency */,
			);
			name = dataFetchingTests;
			productName = dataFetchingTests;
			productReference = D0B4351E29158F0C004071A6 /* dataFetchingTests.xctest */;
			productType = "com.apple.product-type.bundle.unit-test";
		};
		D0B4352729158F0C004071A6 /* dataFetchingUITests */ = {
			isa = PBXNativeTarget;
			buildConfigurationList = D0B4353829158F0C004071A6 /* Build configuration list for PBXNativeTarget "dataFetchingUITests" */;
			buildPhases = (
				D0B4352429158F0C004071A6 /* Sources */,
				D0B4352529158F0C004071A6 /* Frameworks */,
				D0B4352629158F0C004071A6 /* Resources */,
			);
			buildRules = (
			);
			dependencies = (
				D0B4352A29158F0C004071A6 /* PBXTargetDependency */,
			);
			name = dataFetchingUITests;
			productName = dataFetchingUITests;
			productReference = D0B4352829158F0C004071A6 /* dataFetchingUITests.xctest */;
			productType = "com.apple.product-type.bundle.ui-testing";
		};
/* End PBXNativeTarget section */

/* Begin PBXProject section */
		D0B4350629158F08004071A6 /* Project object */ = {
			isa = PBXProject;
			attributes = {
				BuildIndependentTargetsInParallel = 1;
				LastSwiftUpdateCheck = 1340;
				LastUpgradeCheck = 1340;
				TargetAttributes = {
					D0B4350D29158F08004071A6 = {
						CreatedOnToolsVersion = 13.4.1;
					};
					D0B4351D29158F0C004071A6 = {
						CreatedOnToolsVersion = 13.4.1;
						TestTargetID = D0B4350D29158F08004071A6;
					};
					D0B4352729158F0C004071A6 = {
						CreatedOnToolsVersion = 13.4.1;
						TestTargetID = D0B4350D29158F08004071A6;
					};
				};
			};
			buildConfigurationList = D0B4350929158F08004071A6 /* Build configuration list for PBXProject "dataFetching" */;
			compatibilityVersion = "Xcode 13.0";
			developmentRegion = en;
			hasScannedForEncodings = 0;
			knownRegions = (
				en,
				Base,
			);
			mainGroup = D0B4350529158F08004071A6;
			productRefGroup = D0B4350F29158F08004071A6 /* Products */;
			projectDirPath = "";
			projectRoot = "";
			targets = (
				D0B4350D29158F08004071A6 /* dataFetching */,
				D0B4351D29158F0C004071A6 /* dataFetchingTests */,
				D0B4352729158F0C004071A6 /* dataFetchingUITests */,
			);
		};
/* End PBXProject section */

/* Begin PBXResourcesBuildPhase section */
		D0B4350C29158F08004071A6 /* Resources */ = {
			isa = PBXResourcesBuildPhase;
			buildActionMask = 2147483647;
			files = (
				D0B4351929158F0B004071A6 /* Preview Assets.xcassets in Resources */,
				D0B4351629158F0B004071A6 /* Assets.xcassets in Resources */,
			);
			runOnlyForDeploymentPostprocessing = 0;
		};
		D0B4351C29158F0C004071A6 /* Resources */ = {
			isa = PBXResourcesBuildPhase;
			buildActionMask = 2147483647;
			files = (
			);
			runOnlyForDeploymentPostprocessing = 0;
		};
		D0B4352629158F0C004071A6 /* Resources */ = {
			isa = PBXResourcesBuildPhase;
			buildActionMask = 2147483647;
			files = (
			);
			runOnlyForDeploymentPostprocessing = 0;
		};
/* End PBXResourcesBuildPhase section */

/* Begin PBXSourcesBuildPhase section */
		D0B4350A29158F08004071A6 /* Sources */ = {
			isa = PBXSourcesBuildPhase;
			buildActionMask = 2147483647;
			files = (
				D0B4351429158F08004071A6 /* ContentView.swift in Sources */,
				D0B4351229158F08004071A6 /* dataFetchingApp.swift in Sources */,
			);
			runOnlyForDeploymentPostprocessing = 0;
		};
		D0B4351A29158F0C004071A6 /* Sources */ = {
			isa = PBXSourcesBuildPhase;
			buildActionMask = 2147483647;
			files = (
				D0B4352329158F0C004071A6 /* dataFetchingTests.swift in Sources */,
			);
			runOnlyForDeploymentPostprocessing = 0;
		};
		D0B4352429158F0C004071A6 /* Sources */ = {
			isa = PBXSourcesBuildPhase;
			buildActionMask = 2147483647;
			files = (
				D0B4352F29158F0C004071A6 /* dataFetchingUITestsLaunchTests.swift in Sources */,
				D0B4352D29158F0C004071A6 /* dataFetchingUITests.swift in Sources */,
			);
			runOnlyForDeploymentPostprocessing = 0;
		};
/* End PBXSourcesBuildPhase section */

/* Begin PBXTargetDependency section */
		D0B4352029158F0C004071A6 /* PBXTargetDependency */ = {
			isa = PBXTargetDependency;
			target = D0B4350D29158F08004071A6 /* dataFetching */;
			targetProxy = D0B4351F29158F0C004071A6 /* PBXContainerItemProxy */;
		};
		D0B4352A29158F0C004071A6 /* PBXTargetDependency */ = {
			isa = PBXTargetDependency;
			target = D0B4350D29158F08004071A6 /* dataFetching */;
			targetProxy = D0B4352929158F0C004071A6 /* PBXContainerItemProxy */;
		};
/* End PBXTargetDependency section */

/* Begin XCBuildConfiguration section */
		D0B4353029158F0C004071A6 /* Debug */ = {
			isa = XCBuildConfiguration;
			buildSettings = {
				ALWAYS_SEARCH_USER_PATHS = NO;
				CLANG_ANALYZER_NONNULL = YES;
				CLANG_ANALYZER_NUMBER_OBJECT_CONVERSION = YES_AGGRESSIVE;
				CLANG_CXX_LANGUAGE_STANDARD = "gnu++17";
				CLANG_ENABLE_MODULES = YES;
				CLANG_ENABLE_OBJC_ARC = YES;
				CLANG_ENABLE_OBJC_WEAK = YES;
				CLANG_WARN_BLOCK_CAPTURE_AUTORELEASING = YES;
				CLANG_WARN_BOOL_CONVERSION = YES;
				CLANG_WARN_COMMA = YES;
				CLANG_WARN_CONSTANT_CONVERSION = YES;
				CLANG_WARN_DEPRECATED_OBJC_IMPLEMENTATIONS = YES;
				CLANG_WARN_DIRECT_OBJC_ISA_USAGE = YES_ERROR;
				CLANG_WARN_DOCUMENTATION_COMMENTS = YES;
				CLANG_WARN_EMPTY_BODY = YES;
				CLANG_WARN_ENUM_CONVERSION = YES;
				CLANG_WARN_INFINITE_RECURSION = YES;
				CLANG_WARN_INT_CONVERSION = YES;
				CLANG_WARN_NON_LITERAL_NULL_CONVERSION = YES;
				CLANG_WARN_OBJC_IMPLICIT_RETAIN_SELF = YES;
				CLANG_WARN_OBJC_LITERAL_CONVERSION = YES;
				CLANG_WARN_OBJC_ROOT_CLASS = YES_ERROR;
				CLANG_WARN_QUOTED_INCLUDE_IN_FRAMEWORK_HEADER = YES;
				CLANG_WARN_RANGE_LOOP_ANALYSIS = YES;
				CLANG_WARN_STRICT_PROTOTYPES = YES;
				CLANG_WARN_SUSPICIOUS_MOVE = YES;
				CLANG_WARN_UNGUARDED_AVAILABILITY = YES_AGGRESSIVE;
				CLANG_WARN_UNREACHABLE_CODE = YES;
				CLANG_WARN__DUPLICATE_METHOD_MATCH = YES;
				COPY_PHASE_STRIP = NO;
				DEBUG_INFORMATION_FORMAT = dwarf;
				ENABLE_STRICT_OBJC_MSGSEND = YES;
				ENABLE_TESTABILITY = YES;
				GCC_C_LANGUAGE_STANDARD = gnu11;
				GCC_DYNAMIC_NO_PIC = NO;
				GCC_NO_COMMON_BLOCKS = YES;
				GCC_OPTIMIZATION_LEVEL = 0;
				GCC_PREPROCESSOR_DEFINITIONS = (
					"DEBUG=1",
					"$(inherited)",
				);
				GCC_WARN_64_TO_32_BIT_CONVERSION = YES;
				GCC_WARN_ABOUT_RETURN_TYPE = YES_ERROR;
				GCC_WARN_UNDECLARED_SELECTOR = YES;
				GCC_WARN_UNINITIALIZED_AUTOS = YES_AGGRESSIVE;
				GCC_WARN_UNUSED_FUNCTION = YES;
				GCC_WARN_UNUSED_VARIABLE = YES;
				IPHONEOS_DEPLOYMENT_TARGET = 15.5;
				MTL_ENABLE_DEBUG_INFO = INCLUDE_SOURCE;
				MTL_FAST_MATH = YES;
				ONLY_ACTIVE_ARCH = YES;
				SDKROOT = iphoneos;
				SWIFT_ACTIVE_COMPILATION_CONDITIONS = DEBUG;
				SWIFT_OPTIMIZATION_LEVEL = "-Onone";
			};
			name = Debug;
		};
		D0B4353129158F0C004071A6 /* Release */ = {
			isa = XCBuildConfiguration;
			buildSettings = {
				ALWAYS_SEARCH_USER_PATHS = NO;
				CLANG_ANALYZER_NONNULL = YES;
				CLANG_ANALYZER_NUMBER_OBJECT_CONVERSION = YES_AGGRESSIVE;
				CLANG_CXX_LANGUAGE_STANDARD = "gnu++17";
				CLANG_ENABLE_MODULES = YES;
				CLANG_ENABLE_OBJC_ARC = YES;
				CLANG_ENABLE_OBJC_WEAK = YES;
				CLANG_WARN_BLOCK_CAPTURE_AUTORELEASING = YES;
				CLANG_WARN_BOOL_CONVERSION = YES;
				CLANG_WARN_COMMA = YES;
				CLANG_WARN_CONSTANT_CONVERSION = YES;
				CLANG_WARN_DEPRECATED_OBJC_IMPLEMENTATIONS = YES;
				CLANG_WARN_DIRECT_OBJC_ISA_USAGE = YES_ERROR;
				CLANG_WARN_DOCUMENTATION_COMMENTS = YES;
				CLANG_WARN_EMPTY_BODY = YES;
				CLANG_WARN_ENUM_CONVERSION = YES;
				CLANG_WARN_INFINITE_RECURSION = YES;
				CLANG_WARN_INT_CONVERSION = YES;
				CLANG_WARN_NON_LITERAL_NULL_CONVERSION = YES;
				CLANG_WARN_OBJC_IMPLICIT_RETAIN_SELF = YES;
				CLANG_WARN_OBJC_LITERAL_CONVERSION = YES;
				CLANG_WARN_OBJC_ROOT_CLASS = YES_ERROR;
				CLANG_WARN_QUOTED_INCLUDE_IN_FRAMEWORK_HEADER = YES;
				CLANG_WARN_RANGE_LOOP_ANALYSIS = YES;
				CLANG_WARN_STRICT_PROTOTYPES = YES;
				CLANG_WARN_SUSPICIOUS_MOVE = YES;
				CLANG_WARN_UNGUARDED_AVAILABILITY = YES_AGGRESSIVE;
				CLANG_WARN_UNREACHABLE_CODE = YES;
				CLANG_WARN__DUPLICATE_METHOD_MATCH = YES;
				COPY_PHASE_STRIP = NO;
				DEBUG_INFORMATION_FORMAT = "dwarf-with-dsym";
				ENABLE_NS_ASSERTIONS = NO;
				ENABLE_STRICT_OBJC_MSGSEND = YES;
				GCC_C_LANGUAGE_STANDARD = gnu11;
				GCC_NO_COMMON_BLOCKS = YES;
				GCC_WARN_64_TO_32_BIT_CONVERSION = YES;
				GCC_WARN_ABOUT_RETURN_TYPE = YES_ERROR;
				GCC_WARN_UNDECLARED_SELECTOR = YES;
				GCC_WARN_UNINITIALIZED_AUTOS = YES_AGGRESSIVE;
				GCC_WARN_UNUSED_FUNCTION = YES;
				GCC_WARN_UNUSED_VARIABLE = YES;
				IPHONEOS_DEPLOYMENT_TARGET = 15.5;
				MTL_ENABLE_DEBUG_INFO = NO;
				MTL_FAST_MATH = YES;
				SDKROOT = iphoneos;
				SWIFT_COMPILATION_MODE = wholemodule;
				SWIFT_OPTIMIZATION_LEVEL = "-O";
				VALIDATE_PRODUCT = YES;
			};
			name = Release;
		};
		D0B4353329158F0C004071A6 /* Debug */ = {
			isa = XCBuildConfiguration;
			buildSettings = {
				ASSETCATALOG_COMPILER_APPICON_NAME = AppIcon;
				ASSETCATALOG_COMPILER_GLOBAL_ACCENT_COLOR_NAME = AccentColor;
				CODE_SIGN_STYLE = Automatic;
				CURRENT_PROJECT_VERSION = 1;
				DEVELOPMENT_ASSET_PATHS = "\"dataFetching/Preview Content\"";
				ENABLE_PREVIEWS = YES;
				GENERATE_INFOPLIST_FILE = YES;
				INFOPLIST_KEY_UIApplicationSceneManifest_Generation = YES;
				INFOPLIST_KEY_UIApplicationSupportsIndirectInputEvents = YES;
				INFOPLIST_KEY_UILaunchScreen_Generation = YES;
				INFOPLIST_KEY_UISupportedInterfaceOrientations_iPad = "UIInterfaceOrientationPortrait UIInterfaceOrientationPortraitUpsideDown UIInterfaceOrientationLandscapeLeft UIInterfaceOrientationLandscapeRight";
				INFOPLIST_KEY_UISupportedInterfaceOrientations_iPhone = "UIInterfaceOrientationPortrait UIInterfaceOrientationLandscapeLeft UIInterfaceOrientationLandscapeRight";
				LD_RUNPATH_SEARCH_PATHS = (
					"$(inherited)",
					"@executable_path/Frameworks",
				);
				MARKETING_VERSION = 1.0;
				PRODUCT_BUNDLE_IDENTIFIER = NerdAutodidata.dataFetching;
				PRODUCT_NAME = "$(TARGET_NAME)";
				SWIFT_EMIT_LOC_STRINGS = YES;
				SWIFT_VERSION = 5.0;
				TARGETED_DEVICE_FAMILY = "1,2";
			};
			name = Debug;
		};
		D0B4353429158F0C004071A6 /* Release */ = {
			isa = XCBuildConfiguration;
			buildSettings = {
				ASSETCATALOG_COMPILER_APPICON_NAME = AppIcon;
				ASSETCATALOG_COMPILER_GLOBAL_ACCENT_COLOR_NAME = AccentColor;
				CODE_SIGN_STYLE = Automatic;
				CURRENT_PROJECT_VERSION = 1;
				DEVELOPMENT_ASSET_PATHS = "\"dataFetching/Preview Content\"";
				ENABLE_PREVIEWS = YES;
				GENERATE_INFOPLIST_FILE = YES;
				INFOPLIST_KEY_UIApplicationSceneManifest_Generation = YES;
				INFOPLIST_KEY_UIApplicationSupportsIndirectInputEvents = YES;
				INFOPLIST_KEY_UILaunchScreen_Generation = YES;
				INFOPLIST_KEY_UISupportedInterfaceOrientations_iPad = "UIInterfaceOrientationPortrait UIInterfaceOrientationPortraitUpsideDown UIInterfaceOrientationLandscapeLeft UIInterfaceOrientationLandscapeRight";
				INFOPLIST_KEY_UISupportedInterfaceOrientations_iPhone = "UIInterfaceOrientationPortrait UIInterfaceOrientationLandscapeLeft UIInterfaceOrientationLandscapeRight";
				LD_RUNPATH_SEARCH_PATHS = (
					"$(inherited)",
					"@executable_path/Frameworks",
				);
				MARKETING_VERSION = 1.0;
				PRODUCT_BUNDLE_IDENTIFIER = NerdAutodidata.dataFetching;
				PRODUCT_NAME = "$(TARGET_NAME)";
				SWIFT_EMIT_LOC_STRINGS = YES;
				SWIFT_VERSION = 5.0;
				TARGETED_DEVICE_FAMILY = "1,2";
			};
			name = Release;
		};
		D0B4353629158F0C004071A6 /* Debug */ = {
			isa = XCBuildConfiguration;
			buildSettings = {
				ALWAYS_EMBED_SWIFT_STANDARD_LIBRARIES = YES;
				BUNDLE_LOADER = "$(TEST_HOST)";
				CODE_SIGN_STYLE = Automatic;
				CURRENT_PROJECT_VERSION = 1;
				GENERATE_INFOPLIST_FILE = YES;
				IPHONEOS_DEPLOYMENT_TARGET = 15.5;
				MARKETING_VERSION = 1.0;
				PRODUCT_BUNDLE_IDENTIFIER = NerdAutodidata.dataFetchingTests;
				PRODUCT_NAME = "$(TARGET_NAME)";
				SWIFT_EMIT_LOC_STRINGS = NO;
				SWIFT_VERSION = 5.0;
				TARGETED_DEVICE_FAMILY = "1,2";
				TEST_HOST = "$(BUILT_PRODUCTS_DIR)/dataFetching.app/dataFetching";
			};
			name = Debug;
		};
		D0B4353729158F0C004071A6 /* Release */ = {
			isa = XCBuildConfiguration;
			buildSettings = {
				ALWAYS_EMBED_SWIFT_STANDARD_LIBRARIES = YES;
				BUNDLE_LOADER = "$(TEST_HOST)";
				CODE_SIGN_STYLE = Automatic;
				CURRENT_PROJECT_VERSION = 1;
				GENERATE_INFOPLIST_FILE = YES;
				IPHONEOS_DEPLOYMENT_TARGET = 15.5;
				MARKETING_VERSION = 1.0;
				PRODUCT_BUNDLE_IDENTIFIER = NerdAutodidata.dataFetchingTests;
				PRODUCT_NAME = "$(TARGET_NAME)";
				SWIFT_EMIT_LOC_STRINGS = NO;
				SWIFT_VERSION = 5.0;
				TARGETED_DEVICE_FAMILY = "1,2";
				TEST_HOST = "$(BUILT_PRODUCTS_DIR)/dataFetching.app/dataFetching";
			};
			name = Release;
		};
		D0B4353929158F0C004071A6 /* Debug */ = {
			isa = XCBuildConfiguration;
			buildSettings = {
				ALWAYS_EMBED_SWIFT_STANDARD_LIBRARIES = YES;
				CODE_SIGN_STYLE = Automatic;
				CURRENT_PROJECT_VERSION = 1;
				GENERATE_INFOPLIST_FILE = YES;
				MARKETING_VERSION = 1.0;
				PRODUCT_BUNDLE_IDENTIFIER = NerdAutodidata.dataFetchingUITests;
				PRODUCT_NAME = "$(TARGET_NAME)";
				SWIFT_EMIT_LOC_STRINGS = NO;
				SWIFT_VERSION = 5.0;
				TARGETED_DEVICE_FAMILY = "1,2";
				TEST_TARGET_NAME = dataFetching;
			};
			name = Debug;
		};
		D0B4353A29158F0C004071A6 /* Release */ = {
			isa = XCBuildConfiguration;
			buildSettings = {
				ALWAYS_EMBED_SWIFT_STANDARD_LIBRARIES = YES;
				CODE_SIGN_STYLE = Automatic;
				CURRENT_PROJECT_VERSION = 1;
				GENERATE_INFOPLIST_FILE = YES;
				MARKETING_VERSION = 1.0;
				PRODUCT_BUNDLE_IDENTIFIER = NerdAutodidata.dataFetchingUITests;
				PRODUCT_NAME = "$(TARGET_NAME)";
				SWIFT_EMIT_LOC_STRINGS = NO;
				SWIFT_VERSION = 5.0;
				TARGETED_DEVICE_FAMILY = "1,2";
				TEST_TARGET_NAME = dataFetching;
			};
			name = Release;
		};
/* End XCBuildConfiguration section */

/* Begin XCConfigurationList section */
		D0B4350929158F08004071A6 /* Build configuration list for PBXProject "dataFetching" */ = {
			isa = XCConfigurationList;
			buildConfigurations = (
				D0B4353029158F0C004071A6 /* Debug */,
				D0B4353129158F0C004071A6 /* Release */,
			);
			defaultConfigurationIsVisible = 0;
			defaultConfigurationName = Release;
		};
		D0B4353229158F0C004071A6 /* Build configuration list for PBXNativeTarget "dataFetching" */ = {
			isa = XCConfigurationList;
			buildConfigurations = (
				D0B4353329158F0C004071A6 /* Debug */,
				D0B4353429158F0C004071A6 /* Release */,
			);
			defaultConfigurationIsVisible = 0;
			defaultConfigurationName = Release;
		};
		D0B4353529158F0C004071A6 /* Build configuration list for PBXNativeTarget "dataFetchingTests" */ = {
			isa = XCConfigurationList;
			buildConfigurations = (
				D0B4353629158F0C004071A6 /* Debug */,
				D0B4353729158F0C004071A6 /* Release */,
			);
			defaultConfigurationIsVisible = 0;
			defaultConfigurationName = Release;
		};
		D0B4353829158F0C004071A6 /* Build configuration list for PBXNativeTarget "dataFetchingUITests" */ = {
			isa = XCConfigurationList;
			buildConfigurations = (
				D0B4353929158F0C004071A6 /* Debug */,
				D0B4353A29158F0C004071A6 /* Release */,
			);
			defaultConfigurationIsVisible = 0;
			defaultConfigurationName = Release;
		};
/* End XCConfigurationList section */
	};
	rootObject = D0B4350629158F08004071A6 /* Project object */;
}
